
Microsoft Visual Studio Solution File, Format Version 12.00
# Visual Studio 15
VisualStudioVersion = 15.0.28307.572
MinimumVisualStudioVersion = 10.0.40219.1
Project("{FAE04EC0-301F-11D3-BF4B-00C04F79EFBC}") = "Graph", "Graph\Graph.csproj", "{D14F7F61-8EEB-4F5D-8B19-76EF3F1833CA}"
EndProject
Global
	GlobalSection(SolutionConfigurationPlatforms) = preSolution
		Debug|Any CPU = Debug|Any CPU
		Release|Any CPU = Release|Any CPU
	EndGlobalSection
	GlobalSection(ProjectConfigurationPlatforms) = postSolution
		{D14F7F61-8EEB-4F5D-8B19-76EF3F1833CA}.Debug|Any CPU.ActiveCfg = Debug|Any CPU
		{D14F7F61-8EEB-4F5D-8B19-76EF3F1833CA}.Debug|Any CPU.Build.0 = Debug|Any CPU
		{D14F7F61-8EEB-4F5D-8B19-76EF3F1833CA}.Release|Any CPU.ActiveCfg = Release|Any CPU
		{D14F7F61-8EEB-4F5D-8B19-76EF3F1833CA}.Release|Any CPU.Build.0 = Release|Any CPU
	EndGlobalSection
	GlobalSection(SolutionProperties) = preSolution
		HideSolutionNode = FALSE
	EndGlobalSection
	GlobalSection(ExtensibilityGlobals) = postSolution
		SolutionGuid = {1C6C98BF-8E8B-4055-9D09-DBEA12950462}
	EndGlobalSection
EndGlobal
